
Microsoft Visual Studio Solution File, Format Version 12.00
# Visual Studio Version 16
VisualStudioVersion = 16.0.30503.244
MinimumVisualStudioVersion = 10.0.40219.1
Project("{FAE04EC0-301F-11D3-BF4B-00C04F79EFBC}") = "BasicQueuingSystem", "BasicQueuingSystem\BasicQueuingSystem.csproj", "{EB022378-8A93-4418-9118-FCEB85F675CA}"
EndProject
Global
	GlobalSection(SolutionConfigurationPlatforms) = preSolution
		Debug|Any CPU = Debug|Any CPU
		Release|Any CPU = Release|Any CPU
	EndGlobalSection
	GlobalSection(ProjectConfigurationPlatforms) = postSolution
		{EB022378-8A93-4418-9118-FCEB85F675CA}.Debug|Any CPU.ActiveCfg = Debug|Any CPU
		{EB022378-8A93-4418-9118-FCEB85F675CA}.Debug|Any CPU.Build.0 = Debug|Any CPU
		{EB022378-8A93-4418-9118-FCEB85F675CA}.Release|Any CPU.ActiveCfg = Release|Any CPU
		{EB022378-8A93-4418-9118-FCEB85F675CA}.Release|Any CPU.Build.0 = Release|Any CPU
	EndGlobalSection
	GlobalSection(SolutionProperties) = preSolution
		HideSolutionNode = FALSE
	EndGlobalSection
	GlobalSection(ExtensibilityGlobals) = postSolution
		SolutionGuid = {539B8926-CF06-489D-9F2D-06CE36E7CC4B}
	EndGlobalSection
EndGlobal
